version: 7
platforms:
- name: osx-arm64
  virtual-packages:
  - __unix=0=0
  - __osx=13.0
  - __archspec=0=m1
environments:
  default:
    channels:
    - url: https://conda.anaconda.org/conda-forge/
    packages:
      osx-arm64:
      - conda: https://conda.anaconda.org/conda-forge/noarch/ca-certificates-2026.7.22-hbd8a1cb_0.conda
      - conda: https://conda.anaconda.org/conda-forge/noarch/compiler-rt21_osx-arm64-21.1.8-h2514db7_1.conda
      - conda: https://conda.anaconda.org/conda-forge/noarch/compiler-rt_osx-arm64-21.1.8-hce30654_1.conda
      - conda: https://conda.anaconda.org/conda-forge/noarch/libcxx-headers-21.1.8-h707e725_3.conda
      - conda: https://conda.anaconda.org/conda-forge/noarch/libgcc-devel_osx-arm64-15.3.0-h647fcfe_101.conda
      - conda: https://conda.anaconda.org/conda-forge/osx-arm64/_openmp_mutex-4.5-7_kmp_llvm.conda
      - conda: https://conda.anaconda.org/conda-forge/osx-arm64/c-compiler-2.0.0-h39478f8_0.conda
      - conda: https://conda.anaconda.org/conda-forge/osx-arm64/cctools-1030.6.3-llvm21_1_h8e84c17_5.conda
      - conda: https://conda.anaconda.org/conda-forge/osx-arm64/cctools_impl_osx-arm64-1030.6.3-llvm21_1_hed50fe2_5.conda
      - conda: https://conda.anaconda.org/conda-forge/osx-arm64/cctools_osx-arm64-1030.6.3-llvm21_1_h8e84c17_5.conda
      - conda: https://conda.anaconda.org/conda-forge/osx-arm64/clang-21-21.1.8-default_hc8afa7b_5.conda
      - conda: https://conda.anaconda.org/conda-forge/osx-arm64/clang-21.1.8-default_cfg_h7f0254a_5.conda
      - conda: https://conda.anaconda.org/conda-forge/osx-arm64/clang_impl_osx-arm64-21.1.8-default_hc11f16d_5.conda
      - conda: https://conda.anaconda.org/conda-forge/osx-arm64/clangxx-21.1.8-default_cfg_h7f0254a_5.conda
      - conda: https://conda.anaconda.org/conda-forge/osx-arm64/clangxx_impl_osx-arm64-21.1.8-default_hc11f16d_5.conda
      - conda: https://conda.anaconda.org/conda-forge/osx-arm64/compiler-rt-21.1.8-hce30654_1.conda
      - conda: https://conda.anaconda.org/conda-forge/osx-arm64/compiler-rt21-21.1.8-h855ad52_1.conda
      - conda: https://conda.anaconda.org/conda-forge/osx-arm64/compilers-2.0.0-hce30654_0.conda
      - conda: https://conda.anaconda.org/conda-forge/osx-arm64/conda-gcc-specs-15.3.0-h64e22ab_1.conda
      - conda: https://conda.anaconda.org/conda-forge/osx-arm64/cxx-compiler-2.0.0-he3883d0_0.conda
      - conda: https://conda.anaconda.org/conda-forge/osx-arm64/fortran-compiler-2.0.0-h919a6ed_0.conda
      - conda: https://conda.anaconda.org/conda-forge/osx-arm64/gcc-15.3.0-h500d687_1.conda
      - conda: https://conda.anaconda.org/conda-forge/osx-arm64/gcc_impl_osx-arm64-15.3.0-hdd9f9fa_1.conda
      - conda: https://conda.anaconda.org/conda-forge/osx-arm64/gettext-0.25.1-h3dcc1bd_0.conda
      - conda: https://conda.anaconda.org/conda-forge/osx-arm64/gettext-tools-0.25.1-h493aca8_0.conda
      - conda: https://conda.anaconda.org/conda-forge/osx-arm64/gfortran-15.3.0-h07b0088_1.conda
      - conda: https://conda.anaconda.org/conda-forge/osx-arm64/gfortran_impl_osx-arm64-15.3.0-hc97e033_1.conda
      - conda: https://conda.anaconda.org/conda-forge/osx-arm64/gmp-6.3.0-hf5e55b1_3.conda
      - conda: https://conda.anaconda.org/conda-forge/osx-arm64/ld64-956.6-llvm21_1_h5d6df6c_5.conda
      - conda: https://conda.anaconda.org/conda-forge/osx-arm64/ld64_osx-arm64-956.6-llvm21_1_h3eeb6b3_5.conda
      - conda: https://conda.anaconda.org/conda-forge/osx-arm64/libasprintf-0.25.1-h493aca8_0.conda
      - conda: https://conda.anaconda.org/conda-forge/osx-arm64/libasprintf-devel-0.25.1-h493aca8_0.conda
      - conda: https://conda.anaconda.org/conda-forge/osx-arm64/libclang-cpp21.1-21.1.8-default_hc8afa7b_5.conda
      - conda: https://conda.anaconda.org/conda-forge/osx-arm64/libcompiler-rt-21.1.8-h855ad52_1.conda
      - conda: https://conda.anaconda.org/conda-forge/osx-arm64/libcxx-22.1.8-h55c6f16_0.conda
      - conda: https://conda.anaconda.org/conda-forge/osx-arm64/libcxx-devel-21.1.8-h6dc3340_3.conda
      - conda: https://conda.anaconda.org/conda-forge/osx-arm64/libffi-3.5.2-hcf2aa1b_0.conda
      - conda: https://conda.anaconda.org/conda-forge/osx-arm64/libgcc-16.1.0-h3cf6597_1.conda
      - conda: https://conda.anaconda.org/conda-forge/osx-arm64/libgettextpo-0.25.1-h493aca8_0.conda
      - conda: https://conda.anaconda.org/conda-forge/osx-arm64/libgettextpo-devel-0.25.1-h493aca8_0.conda
      - conda: https://conda.anaconda.org/conda-forge/osx-arm64/libgfortran5-16.1.0-h32cdfcc_1.conda
      - conda: https://conda.anaconda.org/conda-forge/osx-arm64/libiconv-1.18-h23cfdf5_2.conda
      - conda: https://conda.anaconda.org/conda-forge/osx-arm64/libintl-0.25.1-h493aca8_0.conda
      - conda: https://conda.anaconda.org/conda-forge/osx-arm64/libintl-devel-0.25.1-h493aca8_0.conda
      - conda: https://conda.anaconda.org/conda-forge/osx-arm64/libllvm21-21.1.8-h8e0c9ce_0.conda
      - conda: https://conda.anaconda.org/conda-forge/osx-arm64/liblzma-5.8.3-h8088a28_1.conda
      - conda: https://conda.anaconda.org/conda-forge/osx-arm64/libsigtool-0.1.3-h98dc951_1.conda
      - conda: https://conda.anaconda.org/conda-forge/osx-arm64/libxml2-16-2.15.3-h6967ea9_0.conda
      - conda: https://conda.anaconda.org/conda-forge/osx-arm64/libxml2-2.15.3-heed7d32_0.conda
      - conda: https://conda.anaconda.org/conda-forge/osx-arm64/libzlib-1.3.2-h8088a28_3.conda
      - conda: https://conda.anaconda.org/conda-forge/osx-arm64/llvm-openmp-22.1.8-hc7d1edf_0.conda
      - conda: https://conda.anaconda.org/conda-forge/osx-arm64/llvm-tools-21-21.1.8-h91fd4e7_0.conda
      - conda: https://conda.anaconda.org/conda-forge/osx-arm64/llvm-tools-21.1.8-h855ad52_0.conda
      - conda: https://conda.anaconda.org/conda-forge/osx-arm64/ncurses-6.6-he64c551_1.conda
      - conda: https://conda.anaconda.org/conda-forge/osx-arm64/openssl-3.6.3-hd24854e_1.conda
      - conda: https://conda.anaconda.org/conda-forge/osx-arm64/readline-8.3-h46df422_0.conda
      - conda: https://conda.anaconda.org/conda-forge/osx-arm64/ruby-4.0.6-hbbfbfb4_0.conda
      - conda: https://conda.anaconda.org/conda-forge/osx-arm64/sigtool-codesign-0.1.3-h98dc951_1.conda
      - conda: https://conda.anaconda.org/conda-forge/osx-arm64/tapi-1600.0.11.8-hb561403_3.conda
      - conda: https://conda.anaconda.org/conda-forge/osx-arm64/yaml-0.2.5-h925e9cb_3.conda
      - conda: https://conda.anaconda.org/conda-forge/osx-arm64/zstd-1.5.7-hf451053_7.conda
packages:
- conda: https://conda.anaconda.org/conda-forge/noarch/ca-certificates-2026.7.22-hbd8a1cb_0.conda
  sha256: 0a0544cf95f64394fe4959286f5c71f5444ad58feb0602e53becb27448d24da6
  md5: 0f51e2391ade309db462a55611263e9c
  depends:
  - __unix
  license: ISC
  run_exports: {}
  size: 131780
  timestamp: 1784754889428
- conda: https://conda.anaconda.org/conda-forge/noarch/compiler-rt21_osx-arm64-21.1.8-h2514db7_1.conda
  sha256: fba6feccaf5020df8785d8286f82d1bc8362d70b2826105a35bee30abe57d923
  md5: 3aba69305a33ed11f2378ec6b5bc5bb7
  constrains:
  - compiler-rt >=9.0.1
  license: Apache-2.0 WITH LLVM-exception
  license_family: APACHE
  run_exports: {}
  size: 10878633
  timestamp: 1769057503435
- conda: https://conda.anaconda.org/conda-forge/noarch/compiler-rt_osx-arm64-21.1.8-hce30654_1.conda
  sha256: eb1ecac5cd526ba1cee9d028288d6a5a38dd7486c92b9f71b43b91ae13f0b37e
  md5: 9fb0d36fa934a81ac213eb42011a0e92
  depends:
  - compiler-rt21_osx-arm64 21.1.8 h2514db7_1
  constrains:
  - clang 21.1.8
  license: Apache-2.0 WITH LLVM-exception
  license_family: APACHE
  run_exports: {}
  size: 16533
  timestamp: 1769057560234
- conda: https://conda.anaconda.org/conda-forge/noarch/libcxx-headers-21.1.8-h707e725_3.conda
  sha256: 35702bbe8e26658df7fd4d31af441c653922356d291d093abfc32bc4b65c7900
  md5: 7daa1a91c6d082f40c55ef41b74692d7
  depends:
  - __unix
  constrains:
  - libcxx-devel 21.1.8
  license: Apache-2.0 WITH LLVM-exception
  license_family: Apache
  run_exports: {}
  size: 1103738
  timestamp: 1771995481491
- conda: https://conda.anaconda.org/conda-forge/noarch/libgcc-devel_osx-arm64-15.3.0-h647fcfe_101.conda
  sha256: ea29b1f3b407f1b5bc1a2465235dd70d6f8089ab16c581c76d6d0b0cf71d4c90
  md5: e6ecab2d9598c7e60935f9207aca01df
  depends:
  - __unix
  license: GPL-3.0-only WITH GCC-exception-3.1
  license_family: GPL
  run_exports: {}
  size: 2066739
  timestamp: 1785374401849
- conda: https://conda.anaconda.org/conda-forge/osx-arm64/_openmp_mutex-4.5-7_kmp_llvm.conda
  build_number: 7
  sha256: 7acaa2e0782cad032bdaf756b536874346ac1375745fb250e9bdd6a48a7ab3cd
  md5: a44032f282e7d2acdeb1c240308052dd
  depends:
  - llvm-openmp >=9.0.1
  license: BSD-3-Clause
  license_family: BSD
  run_exports:
    weak:
    - _openmp_mutex >=4.5
  size: 8325
  timestamp: 1764092507920
- conda: https://conda.anaconda.org/conda-forge/osx-arm64/c-compiler-2.0.0-h39478f8_0.conda
  sha256: 5ffde45e6a825e82a0cdd73aa2e23cec5febcd7b6953e37037bdab38343203bb
  md5: 124b89a32eeeea68a3016366de507ee5
  depends:
  - clang 21.*
  license: BSD-3-Clause
  license_family: BSD
  run_exports: {}
  size: 6978
  timestamp: 1786642232392
- conda: https://conda.anaconda.org/conda-forge/osx-arm64/cctools-1030.6.3-llvm21_1_h8e84c17_5.conda
  sha256: 0b037cdd8ff574b4fecaaf6dcad0336db6c581f638962c4330edbe189ee5b5e8
  md5: b9174f83e6a1e00b91b039dca7184c63
  depends:
  - cctools_impl_osx-arm64 1030.6.3 llvm21_1_hed50fe2_5
  - ld64 956.6 llvm21_1_h5d6df6c_5
  - libllvm21 >=21.1.8,<21.2.0a0
  license: APSL-2.0
  license_family: Other
  run_exports: {}
  size: 24514
  timestamp: 1785270889630
- conda: https://conda.anaconda.org/conda-forge/osx-arm64/cctools_impl_osx-arm64-1030.6.3-llvm21_1_hed50fe2_5.conda
  sha256: 3ea1db9d3a912a4c53b4bccc9a44e75d4cc25561f574117922894dbffe96c542
  md5: 9fae24f2e7dfbfd846ea51e781ff6cf3
  depends:
  - __osx >=11.0
  - ld64_osx-arm64 >=956.6,<956.7.0a0
  - libcxx
  - libllvm21 >=21.1.8,<21.2.0a0
  - libzlib >=1.3.2,<2.0a0
  - llvm-tools 21.1.*
  - sigtool-codesign
  constrains:
  - ld64 956.6.*
  - clang 21.1.*
  - cctools 1030.6.3.*
  license: APSL-2.0
  license_family: Other
  run_exports: {}
  size: 749524
  timestamp: 1785270871153
- conda: https://conda.anaconda.org/conda-forge/osx-arm64/cctools_osx-arm64-1030.6.3-llvm21_1_h8e84c17_5.conda
  sha256: 6ee88f483cf19a4815981289b5308a93d5190727edd67680f5bd82219eb6a514
  md5: 74d8dbb7364ecac8403bec4271cd32fc
  depends:
  - cctools_impl_osx-arm64 1030.6.3 llvm21_1_hed50fe2_5
  - ld64_osx-arm64 956.6 llvm21_1_h3eeb6b3_5
  constrains:
  - cctools 1030.6.3.*
  license: APSL-2.0
  license_family: Other
  run_exports: {}
  size: 23716
  timestamp: 1785270892398
- conda: https://conda.anaconda.org/conda-forge/osx-arm64/clang-21-21.1.8-default_hc8afa7b_5.conda
  sha256: f4744f0cfc9ae1fec338fc50eb751dc110291dcb0f38a0f5e942944f3fad1cfd
  md5: 44c87e1c491af5553ef89817a8348df9
  depends:
  - __osx >=11.0
  - compiler-rt21 21.1.8.*
  - libclang-cpp21.1 21.1.8 default_hc8afa7b_5
  - libcxx >=21.1.8
  - libllvm21 >=21.1.8,<21.2.0a0
  license: Apache-2.0 WITH LLVM-exception
  license_family: Apache
  run_exports: {}
  size: 826737
  timestamp: 1786196477160
- conda: https://conda.anaconda.org/conda-forge/osx-arm64/clang-21.1.8-default_cfg_h7f0254a_5.conda
  sha256: fc228df2a7a6368648bb50176eb36e668cb105ebf8ec4fb17cf78b944f2d3e87
  md5: 233e953d15cfa0fcb236161880f75517
  depends:
  - cctools
  - clang-21 21.1.8.* default_*
  - clang_impl_osx-arm64 21.1.8 default_hc11f16d_5
  - ld64
  - ld64_osx-arm64 * llvm21_1_*
  - llvm-openmp >=21.1.8
  - llvm-tools 21.1.8.*
  license: Apache-2.0 WITH LLVM-exception
  license_family: Apache
  run_exports: {}
  size: 28359
  timestamp: 1786196539888
- conda: https://conda.anaconda.org/conda-forge/osx-arm64/clang_impl_osx-arm64-21.1.8-default_hc11f16d_5.conda
  sha256: 1cc19444e06a3474f516fbe36bc50034aa921404adbc89d4717d5bdbeaa33f8d
  md5: f497295809fde00e9f3e6a1b8ed48c04
  depends:
  - cctools_impl_osx-arm64
  - clang-21 21.1.8.* default_*
  - compiler-rt 21.1.8.*
  - compiler-rt_osx-arm64 21.1.8.*
  - ld64_osx-arm64 * llvm21_1_*
  license: Apache-2.0 WITH LLVM-exception
  license_family: Apache
  run_exports: {}
  size: 27832
  timestamp: 1786196527794
- conda: https://conda.anaconda.org/conda-forge/osx-arm64/clangxx-21.1.8-default_cfg_h7f0254a_5.conda
  sha256: fc7a82a19f0e90355e8c2ae5fafb66896c8f1dbe549abf443466c50e77b59e0b
  md5: 428bba0e08030a1a301d38487a1bd0c7
  depends:
  - clang 21.1.8 default_cfg_h7f0254a_5
  - clangxx_impl_osx-arm64 21.1.8.* default_*
  - libcxx-devel 21.1.*
  license: Apache-2.0 WITH LLVM-exception
  license_family: Apache
  run_exports: {}
  size: 28073
  timestamp: 1786196671657
- conda: https://conda.anaconda.org/conda-forge/osx-arm64/clangxx_impl_osx-arm64-21.1.8-default_hc11f16d_5.conda
  sha256: 216d766cb629e855758a8cfb9eccbe61ee9bcc5bb372e0ff9351d00e70b01783
  md5: 90f835e2474c5388f855221ed32d2636
  depends:
  - clang-21 21.1.8.* default_*
  - clang_impl_osx-arm64 21.1.8 default_hc11f16d_5
  - libcxx-devel 21.1.*
  license: Apache-2.0 WITH LLVM-exception
  license_family: Apache
  run_exports: {}
  size: 27785
  timestamp: 1786196654747
- conda: https://conda.anaconda.org/conda-forge/osx-arm64/compiler-rt-21.1.8-hce30654_1.conda
  sha256: fe04ecafd3b98ae6aa578421210cb702000417d5b439aa3b0f308e6c62fe8524
  md5: 1c93e5525aa31ba2174ac904c7d3524d
  depends:
  - compiler-rt21 21.1.8 h855ad52_1
  - libcompiler-rt 21.1.8 h855ad52_1
  constrains:
  - clang 21.1.8
  license: Apache-2.0 WITH LLVM-exception
  license_family: APACHE
  run_exports: {}
  size: 16447
  timestamp: 1769057561253
- conda: https://conda.anaconda.org/conda-forge/osx-arm64/compiler-rt21-21.1.8-h855ad52_1.conda
  sha256: 1b304f15cf41cb41effa330b9dd9281fb2957b6c7c8748f760e0a342cbe46f51
  md5: ca7ac62edce7238bc8a0f4fe19de463e
  depends:
  - __osx >=11.0
  - compiler-rt21_osx-arm64 21.1.8.*
  license: Apache-2.0 WITH LLVM-exception
  license_family: APACHE
  run_exports: {}
  size: 98804
  timestamp: 1769057558117
- conda: https://conda.anaconda.org/conda-forge/osx-arm64/compilers-2.0.0-hce30654_0.conda
  sha256: b03a792e7ea60931dbc4f2211cfebbbc0b03e7dfc22d1e7b5ac2811201774ac5
  md5: ebe700b1aad94babbdbdbcf5cd98d72d
  depends:
  - c-compiler 2.0.0 h39478f8_0
  - cxx-compiler 2.0.0 he3883d0_0
  - fortran-compiler 2.0.0 h919a6ed_0
  license: BSD-3-Clause
  license_family: BSD
  run_exports: {}
  size: 6918
  timestamp: 1786642233724
- conda: https://conda.anaconda.org/conda-forge/osx-arm64/conda-gcc-specs-15.3.0-h64e22ab_1.conda
  sha256: cc5d638bde98606ebf8847d07126c4732159563513731d1f574b03f4f6f4640b
  md5: 5fb067999b0ef923189ab724c9cb7ebb
  depends:
  - gcc_impl_osx-arm64 >=15.3.0,<15.3.1.0a0
  license: GPL-3.0-only WITH GCC-exception-3.1
  license_family: GPL
  run_exports: {}
  size: 102378
  timestamp: 1785374520047
- conda: https://conda.anaconda.org/conda-forge/osx-arm64/cxx-compiler-2.0.0-he3883d0_0.conda
  sha256: ee789a31c86183e8e3c337cd5c1961c9f5ab27e410d11750fd3d7f686eb322b1
  md5: 726b88cb2cac68266015e3ec3aeb2c6f
  depends:
  - clangxx 21.*
  license: BSD-3-Clause
  license_family: BSD
  run_exports: {}
  size: 7001
  timestamp: 1786642232883
- conda: https://conda.anaconda.org/conda-forge/osx-arm64/fortran-compiler-2.0.0-h919a6ed_0.conda
  sha256: 3e5d9039be12f3a61424c3aa4ebe16c408c649fb06d2b12f953826195b28539c
  md5: 1e1e6b169fd0a2e8829cb4a71cbf8235
  depends:
  - gfortran 15.*
  license: BSD-3-Clause
  license_family: BSD
  run_exports: {}
  size: 6988
  timestamp: 1786642233300
- conda: https://conda.anaconda.org/conda-forge/osx-arm64/gcc-15.3.0-h500d687_1.conda
  sha256: c473fb46786cca70098c46143917557fff6c428f88cc96b27d11fd8a91e0e397
  md5: 2229475fae10b4943c5b9b1f8846f6f4
  depends:
  - conda-gcc-specs
  - gcc_impl_osx-arm64 15.3.0 hdd9f9fa_1
  license: BSD-3-Clause
  license_family: BSD
  run_exports: {}
  size: 99330
  timestamp: 1785374648214
- conda: https://conda.anaconda.org/conda-forge/osx-arm64/gcc_impl_osx-arm64-15.3.0-hdd9f9fa_1.conda
  sha256: 7ac5623bdd0f1c6bb3c49b9e97eefe7745789c11887874be6390be00b381c8fc
  md5: bdb9e4f1e54b9a9fdb323d879b4035da
  depends:
  - cctools_osx-arm64
  - clang
  - ld64_osx-arm64
  - libgcc >=15.3.0
  - libgcc-devel_osx-arm64 15.3.0 h647fcfe_101
  license: GPL-3.0-only WITH GCC-exception-3.1
  license_family: GPL
  run_exports: {}
  size: 48676294
  timestamp: 1785374449402
- conda: https://conda.anaconda.org/conda-forge/osx-arm64/gettext-0.25.1-h3dcc1bd_0.conda
  sha256: 129a81e9da9f60ae6955b49938447e7faeb7e1be815b2db99e76956dddf8c392
  md5: 7059ba83fd98707b2cd9a5f06f589dd4
  depends:
  - __osx >=11.0
  - gettext-tools 0.25.1 h493aca8_0
  - libasprintf 0.25.1 h493aca8_0
  - libasprintf-devel 0.25.1 h493aca8_0
  - libcxx >=18
  - libgettextpo 0.25.1 h493aca8_0
  - libgettextpo-devel 0.25.1 h493aca8_0
  - libiconv >=1.18,<2.0a0
  - libintl 0.25.1 h493aca8_0
  - libintl-devel 0.25.1 h493aca8_0
  license: LGPL-2.1-or-later AND GPL-3.0-or-later
  run_exports:
    weak:
    - libintl >=0.25.1,<1.0a0
    - libasprintf >=0.25.1,<1.0a0
    - libgettextpo >=0.25.1,<1.0a0
  size: 543276
  timestamp: 1751558682952
- conda: https://conda.anaconda.org/conda-forge/osx-arm64/gettext-tools-0.25.1-h493aca8_0.conda
  sha256: e8dd68706676d5b6f6ee09240936a0ecd1ae12b87dbb37e4c4be263e332ab125
  md5: 817042c017930497931da6aa04a47f09
  depends:
  - __osx >=11.0
  - libiconv >=1.18,<2.0a0
  - libintl 0.25.1 h493aca8_0
  license: GPL-3.0-or-later
  license_family: GPL
  run_exports: {}
  size: 3748044
  timestamp: 1751558602508
- conda: https://conda.anaconda.org/conda-forge/osx-arm64/gfortran-15.3.0-h07b0088_1.conda
  sha256: 4f4dfff6a752769287774f8c9268f2df13714140075eeba96509c56c22c263cd
  md5: 280b978ac247d92fd1ec99f9e0269beb
  depends:
  - gcc 15.3.0 h500d687_1
  - gcc_impl_osx-arm64 15.3.0 hdd9f9fa_1
  - gfortran_impl_osx-arm64 15.3.0 hc97e033_1
  license: BSD-3-Clause
  license_family: BSD
  run_exports: {}
  size: 99044
  timestamp: 1785374661091
- conda: https://conda.anaconda.org/conda-forge/osx-arm64/gfortran_impl_osx-arm64-15.3.0-hc97e033_1.conda
  sha256: fe9860048fbf3efc7a461696773e09044f0bbd14a0a66abae696be8d5e38aa9b
  md5: 81a90af82a9d767ae13656b09d9e0d36
  depends:
  - gcc_impl_osx-arm64 >=15.3.0
  - libgcc >=15.3.0
  - libgfortran5 >=15.3.0
  license: GPL-3.0-only WITH GCC-exception-3.1
  license_family: GPL
  run_exports: {}
  size: 13098916
  timestamp: 1785374571638
- conda: https://conda.anaconda.org/conda-forge/osx-arm64/gmp-6.3.0-hf5e55b1_3.conda
  sha256: 980cb1bbc3656d6f923d44297a2c4ab75f20482b8930c70537fd7f1ef2378894
  md5: bbfa5bd261b68536ddcda39e03d3407f
  depends:
  - libcxx >=19
  - __osx >=11.0
  license: GPL-2.0-or-later OR LGPL-3.0-or-later
  run_exports:
    weak:
    - gmp >=6.3.0,<7.0a0
  size: 399307
  timestamp: 1786629210135
- conda: https://conda.anaconda.org/conda-forge/osx-arm64/ld64-956.6-llvm21_1_h5d6df6c_5.conda
  sha256: ed3d70fa7ebfaef46dfacb335ca65af7cc64e37ec16128ef41d7701f8809e04d
  md5: b73e39454a7cff7c5b8089549787a2d2
  depends:
  - ld64_osx-arm64 956.6 llvm21_1_h3eeb6b3_5
  - libllvm21 >=21.1.8,<21.2.0a0
  constrains:
  - cctools_osx-arm64 1030.6.3.*
  - cctools 1030.6.3.*
  license: APSL-2.0
  license_family: Other
  run_exports: {}
  size: 21872
  timestamp: 1785270879985
- conda: https://conda.anaconda.org/conda-forge/osx-arm64/ld64_osx-arm64-956.6-llvm21_1_h3eeb6b3_5.conda
  sha256: 98bd7716cd0e8210561339a2e0e02e4088feebf00e6b8f534ad47cb5e2b9a996
  md5: 2ae559bf6f0d2df8b0abc8c1da95f369
  depends:
  - __osx >=11.0
  - libcxx
  - libllvm21 >=21.1.8,<21.2.0a0
  - sigtool-codesign
  - tapi >=1600.0.11.8,<1601.0a0
  constrains:
  - ld64 956.6.*
  - clang 21.1.*
  - cctools_impl_osx-arm64 1030.6.3.*
  - cctools 1030.6.3.*
  license: APSL-2.0
  license_family: Other
  run_exports: {}
  size: 1041324
  timestamp: 1785270846723
- conda: https://conda.anaconda.org/conda-forge/osx-arm64/libasprintf-0.25.1-h493aca8_0.conda
  sha256: 7265547424e978ea596f51cc8e7b81638fb1c660b743e98cc4deb690d9d524ab
  md5: 0deb80a2d6097c5fb98b495370b2435b
  depends:
  - __osx >=11.0
  - libcxx >=18
  license: LGPL-2.1-or-later
  run_exports:
    weak:
    - libasprintf >=0.25.1,<1.0a0
  size: 52316
  timestamp: 1751558366611
- conda: https://conda.anaconda.org/conda-forge/osx-arm64/libasprintf-devel-0.25.1-h493aca8_0.conda
  sha256: fc76b07620eabde52928c69bcdcb5497da3fdad3331a76f9d4bffeb27e0bdd8f
  md5: c18067d2d5864e77f84456d97c1c17cc
  depends:
  - __osx >=11.0
  - libasprintf 0.25.1 h493aca8_0
  license: LGPL-2.1-or-later
  run_exports:
    weak:
    - libasprintf >=0.25.1,<1.0a0
  size: 35256
  timestamp: 1751558418167
- conda: https://conda.anaconda.org/conda-forge/osx-arm64/libclang-cpp21.1-21.1.8-default_hc8afa7b_5.conda
  sha256: 63ba61c59ec493100ab6ba2ce39d7e3a9457da685e3d6d3055de189f957abbf2
  md5: 3d4f884d2287d14840de8957abb04fa3
  depends:
  - __osx >=11.0
  - libcxx >=21.1.8
  - libllvm21 >=21.1.8,<21.2.0a0
  license: Apache-2.0 WITH LLVM-exception
  license_family: Apache
  run_exports:
    weak:
    - libclang-cpp21.1 >=21.1.8,<21.2.0a0
  size: 13684032
  timestamp: 1786196368641
- conda: https://conda.anaconda.org/conda-forge/osx-arm64/libcompiler-rt-21.1.8-h855ad52_1.conda
  sha256: a69187930298d4e6a0228587cbd6304d2b938117f969e2307cd33f8b5b920214
  md5: d350ddaae100bd5e4817b6da65d88cda
  depends:
  - __osx >=11.0
  constrains:
  - compiler-rt >=9.0.1
  license: Apache-2.0 WITH LLVM-exception
  license_family: APACHE
  run_exports:
    weak:
    - libcompiler-rt >=21.1.8
  size: 1334740
  timestamp: 1769057541561
- conda: https://conda.anaconda.org/conda-forge/osx-arm64/libcxx-22.1.8-h55c6f16_0.conda
  sha256: a2e7abab5add9750fab064c024394de48e49f97631c605ad5db5c8ac3fc769ef
  md5: 89f76a2a21a3ec3ec983b5eb237c4113
  depends:
  - __osx >=11.0
  license: Apache-2.0 WITH LLVM-exception
  license_family: Apache
  run_exports: {}
  size: 569349
  timestamp: 1781670209146
- conda: https://conda.anaconda.org/conda-forge/osx-arm64/libcxx-devel-21.1.8-h6dc3340_3.conda
  sha256: 22b496dc6e766dd2829031cb88bc0e80cf72c27a210558c66af391dcdf78b823
  md5: d56bb1666723b02969644e76712500fa
  depends:
  - libcxx >=21.1.8
  - libcxx-headers >=21.1.8,<21.1.9.0a0
  license: Apache-2.0 WITH LLVM-exception
  license_family: Apache
  run_exports: {}
  size: 22099
  timestamp: 1771995679012
- conda: https://conda.anaconda.org/conda-forge/osx-arm64/libffi-3.5.2-hcf2aa1b_0.conda
  sha256: 6686a26466a527585e6a75cc2a242bf4a3d97d6d6c86424a441677917f28bec7
  md5: 43c04d9cb46ef176bb2a4c77e324d599
  depends:
  - __osx >=11.0
  license: MIT
  license_family: MIT
  run_exports:
    weak:
    - libffi >=3.5.2,<3.6.0a0
  size: 40979
  timestamp: 1769456747661
- conda: https://conda.anaconda.org/conda-forge/osx-arm64/libgcc-16.1.0-h3cf6597_1.conda
  sha256: fdd1502babb50b802d090496586231f56236d7a6fc042a4e1ac2dee48da8366b
  md5: 0124dc2e6f70f3e8ebea643b42b18abb
  depends:
  - _openmp_mutex
  constrains:
  - libgomp 16.1.0 1
  - libgcc-ng ==16.1.0=*_1
  license: GPL-3.0-only WITH GCC-exception-3.1
  license_family: GPL
  run_exports: {}
  size: 364162
  timestamp: 1785374452947
- conda: https://conda.anaconda.org/conda-forge/osx-arm64/libgettextpo-0.25.1-h493aca8_0.conda
  sha256: 3ba35ff26b3b9573b5df5b9bbec5c61476157ec3a9f12c698e2a9350cd4338fd
  md5: 98acd9989d0d8d5914ccc86dceb6c6c2
  depends:
  - __osx >=11.0
  - libiconv >=1.18,<2.0a0
  - libintl 0.25.1 h493aca8_0
  license: GPL-3.0-or-later
  license_family: GPL
  run_exports:
    weak:
    - libgettextpo >=0.25.1,<1.0a0
  size: 183091
  timestamp: 1751558452316
- conda: https://conda.anaconda.org/conda-forge/osx-arm64/libgettextpo-devel-0.25.1-h493aca8_0.conda
  sha256: 976941e18f879e5c1e67553f9657f7bb9d3935c89014ebfeafe89dcfba2de9e7
  md5: 91c2fdde1cb4a61b5cb7afa682af359e
  depends:
  - __osx >=11.0
  - libgettextpo 0.25.1 h493aca8_0
  - libiconv >=1.18,<2.0a0
  - libintl 0.25.1 h493aca8_0
  license: GPL-3.0-or-later
  license_family: GPL
  run_exports:
    weak:
    - libgettextpo >=0.25.1,<1.0a0
  size: 37894
  timestamp: 1751558502415
- conda: https://conda.anaconda.org/conda-forge/osx-arm64/libgfortran5-16.1.0-h32cdfcc_1.conda
  sha256: 3e8cb79a421e0c350566717febdba9079574cbbe204591b4fd4b4081ea89cb92
  md5: c1c10ea48f95054aa9b93c2315a0a74a
  depends:
  - libgcc >=16.1.0
  constrains:
  - libgfortran 16.1.0
  license: GPL-3.0-only WITH GCC-exception-3.1
  license_family: GPL
  run_exports: {}
  size: 556657
  timestamp: 1785374459225
- conda: https://conda.anaconda.org/conda-forge/osx-arm64/libiconv-1.18-h23cfdf5_2.conda
  sha256: de0336e800b2af9a40bdd694b03870ac4a848161b35c8a2325704f123f185f03
  md5: 4d5a7445f0b25b6a3ddbb56e790f5251
  depends:
  - __osx >=11.0
  license: LGPL-2.1-only
  run_exports:
    weak:
    - libiconv >=1.18,<2.0a0
  size: 750379
  timestamp: 1754909073836
- conda: https://conda.anaconda.org/conda-forge/osx-arm64/libintl-0.25.1-h493aca8_0.conda
  sha256: 99d2cebcd8f84961b86784451b010f5f0a795ed1c08f1e7c76fbb3c22abf021a
  md5: 5103f6a6b210a3912faf8d7db516918c
  depends:
  - __osx >=11.0
  - libiconv >=1.18,<2.0a0
  license: LGPL-2.1-or-later
  run_exports:
    weak:
    - libintl >=0.25.1,<1.0a0
  size: 90957
  timestamp: 1751558394144
- conda: https://conda.anaconda.org/conda-forge/osx-arm64/libintl-devel-0.25.1-h493aca8_0.conda
  sha256: 5a446cb0501d87e0816da0bce524c60a053a4cf23c94dfd3e2b32a8499009e36
  md5: 5f9888e1cdbbbef52c8cf8b567393535
  depends:
  - __osx >=11.0
  - libiconv >=1.18,<2.0a0
  - libintl 0.25.1 h493aca8_0
  license: LGPL-2.1-or-later
  run_exports:
    weak:
    - libintl >=0.25.1,<1.0a0
  size: 40340
  timestamp: 1751558481257
- conda: https://conda.anaconda.org/conda-forge/osx-arm64/libllvm21-21.1.8-h8e0c9ce_0.conda
  sha256: 3f4512155aca799a25937f9ee794490794fb33f8f90a5e6532d8be869e7d79a0
  md5: 8fc5b2387a7907cd58805668dad3b70f
  depends:
  - __osx >=11.0
  - libcxx >=19
  - libxml2
  - libxml2-16 >=2.14.6
  - libzlib >=1.3.1,<2.0a0
  - zstd >=1.5.7,<1.6.0a0
  license: Apache-2.0 WITH LLVM-exception
  license_family: Apache
  run_exports:
    weak:
    - libllvm21 >=21.1.8,<21.2.0a0
  size: 29398498
  timestamp: 1765924904821
- conda: https://conda.anaconda.org/conda-forge/osx-arm64/liblzma-5.8.3-h8088a28_1.conda
  sha256: 23d0630046a3e8b164d8f80f2b74ed2605af2e7050ab9913018056402fae4311
  md5: 8ab10323068b107661a4b9a4af84f3b5
  depends:
  - __osx >=11.0
  constrains:
  - xz 5.8.3.*
  license: 0BSD
  run_exports:
    weak:
    - liblzma >=5.8.3,<6.0a0
  size: 91720
  timestamp: 1786348695846
- conda: https://conda.anaconda.org/conda-forge/osx-arm64/libsigtool-0.1.3-h98dc951_1.conda
  sha256: fcfa03afe31f40dfabf011629d99836adbebbc3ed1b38c7e9eee9ffc7581975b
  md5: c70eb797aa92a294b09ef8f41f6bd578
  depends:
  - __osx >=11.0
  - openssl >=3.5.7,<4.0a0
  license: MIT
  license_family: MIT
  run_exports: {}
  size: 36651
  timestamp: 1786115069018
- conda: https://conda.anaconda.org/conda-forge/osx-arm64/libxml2-16-2.15.3-h6967ea9_0.conda
  sha256: 43895a7517c055b8893531290f9dc48bd751eb04be04f14bbce3b6c71b052be6
  md5: 6c8292c2ee808aeef2406083beaa6da7
  depends:
  - __osx >=11.0
  - libiconv >=1.18,<2.0a0
  - liblzma >=5.8.3,<6.0a0
  - libzlib >=1.3.2,<2.0a0
  constrains:
  - libxml2 2.15.3
  - icu <0.0a0
  license: MIT
  license_family: MIT
  run_exports: {}
  size: 465820
  timestamp: 1776377317454
- conda: https://conda.anaconda.org/conda-forge/osx-arm64/libxml2-2.15.3-heed7d32_0.conda
  sha256: 4d9c117b2dd222cf891710d5f6a570ebb275479979843a1477ac54ed50907b40
  md5: 0c1fdc80534d8f25fd74722aba81f044
  depends:
  - __osx >=11.0
  - libiconv >=1.18,<2.0a0
  - liblzma >=5.8.3,<6.0a0
  - libxml2-16 2.15.3 h6967ea9_0
  - libzlib >=1.3.2,<2.0a0
  constrains:
  - icu <0.0a0
  license: MIT
  license_family: MIT
  run_exports:
    weak:
    - libxml2
    - libxml2-16 >=2.15.3
  size: 41663
  timestamp: 1776377341241
- conda: https://conda.anaconda.org/conda-forge/osx-arm64/libzlib-1.3.2-h8088a28_3.conda
  sha256: a18fa5d5bac452401459f966cf0d872224e8080c4ff93c77e168d43ab42ef9d7
  md5: f39288f0ea63ae962e1a2e4f355a0d75
  depends:
  - __osx >=11.0
  constrains:
  - zlib 1.3.2 *_3
  license: Zlib
  license_family: Other
  run_exports:
    weak:
    - libzlib >=1.3.2,<2.0a0
  size: 47822
  timestamp: 1785277049190
- conda: https://conda.anaconda.org/conda-forge/osx-arm64/llvm-openmp-22.1.8-hc7d1edf_0.conda
  sha256: ccbaad6bbc88f135ab849bc36af5fa6eda36a9ed18ce6f58e3dde3d11784c156
  md5: a9c118f6343fb6301b6f3b4e94c4c562
  depends:
  - __osx >=11.0
  constrains:
  - intel-openmp <0.0a0
  - openmp 22.1.8|22.1.8.*
  license: Apache-2.0 WITH LLVM-exception
  license_family: APACHE
  run_exports:
    strong:
    - llvm-openmp >=22.1.8
  size: 286313
  timestamp: 1781736516782
- conda: https://conda.anaconda.org/conda-forge/osx-arm64/llvm-tools-21-21.1.8-h91fd4e7_0.conda
  sha256: 78fdd7b8733f120bc5b4103e621098db3d4d4cb365ff7d6ed79ef32e7cf7dbc7
  md5: 8690c23d3f93c70e0327b5101f826a15
  depends:
  - __osx >=11.0
  - libcxx >=19
  - libllvm21 21.1.8 h8e0c9ce_0
  - libzlib >=1.3.1,<2.0a0
  - zstd >=1.5.7,<1.6.0a0
  license: Apache-2.0 WITH LLVM-exception
  license_family: Apache
  run_exports: {}
  size: 18261030
  timestamp: 1765925103933
- conda: https://conda.anaconda.org/conda-forge/osx-arm64/llvm-tools-21.1.8-h855ad52_0.conda
  sha256: 23f0f093a9eb01d86b31f64f79b366e8dcd81942a70e4bd4cfed1012e6e3a12c
  md5: 64a5f38c196bd81de5892d7f2cc5d32e
  depends:
  - __osx >=11.0
  - libllvm21 21.1.8 h8e0c9ce_0
  - llvm-tools-21 21.1.8 h91fd4e7_0
  constrains:
  - clang       21.1.8
  - llvm        21.1.8
  - llvmdev     21.1.8
  - clang-tools 21.1.8
  license: Apache-2.0 WITH LLVM-exception
  license_family: Apache
  run_exports: {}
  size: 89425
  timestamp: 1765925194786
- conda: https://conda.anaconda.org/conda-forge/osx-arm64/ncurses-6.6-he64c551_1.conda
  sha256: 7024a48c8c0d0114ed4ab53c76bf9275d50e91ba7cea367a9aead638d3c29c68
  md5: 3dfa0d0316dc246cd44937a557de4501
  depends:
  - __osx >=11.0
  license: X11 AND BSD-3-Clause
  run_exports:
    weak:
    - ncurses >=6.6,<7.0a0
  size: 804298
  timestamp: 1786355189145
- conda: https://conda.anaconda.org/conda-forge/osx-arm64/openssl-3.6.3-hd24854e_1.conda
  sha256: 66be2283b5b37dcda1332b5e74c1782a8cb14fd2e62e0d38017c2d35bf73c119
  md5: 65d1906712b85d1679263c518d011b5b
  depends:
  - __osx >=11.0
  - ca-certificates
  license: Apache-2.0
  license_family: Apache
  run_exports:
    weak:
    - openssl >=3.6.3,<4.0a0
  size: 3109132
  timestamp: 1785913735357
- conda: https://conda.anaconda.org/conda-forge/osx-arm64/readline-8.3-h46df422_0.conda
  sha256: a77010528efb4b548ac2a4484eaf7e1c3907f2aec86123ed9c5212ae44502477
  md5: f8381319127120ce51e081dce4865cf4
  depends:
  - __osx >=11.0
  - ncurses >=6.5,<7.0a0
  license: GPL-3.0-only
  license_family: GPL
  run_exports:
    weak:
    - readline >=8.3,<9.0a0
  size: 313930
  timestamp: 1765813902568
- conda: https://conda.anaconda.org/conda-forge/osx-arm64/ruby-4.0.6-hbbfbfb4_0.conda
  sha256: c2a7d5d4b8e348eedb09b2e204dd68c9b535b082ff26bd3d05a8939d8faf28fd
  md5: 84a5664f38b165af01c86c2aeb5a37ed
  depends:
  - gettext
  - __osx >=11.0
  - yaml >=0.2.5,<0.3.0a0
  - ncurses >=6.6,<7.0a0
  - readline >=8.3,<9.0a0
  - libffi >=3.5.2,<3.6.0a0
  - libzlib >=1.3.2,<2.0a0
  - libintl >=0.25.1,<1.0a0
  - libasprintf >=0.25.1,<1.0a0
  - libgettextpo >=0.25.1,<1.0a0
  - gmp >=6.3.0,<7.0a0
  - openssl >=3.5.7,<4.0a0
  constrains:
  - __osx >=11.0
  license: BSD-2-Clause
  license_family: BSD
  run_exports:
    weak:
    - ruby >=4.0.6,<4.1.0a0
  size: 15418816
  timestamp: 1784018162460
- conda: https://conda.anaconda.org/conda-forge/osx-arm64/sigtool-codesign-0.1.3-h98dc951_1.conda
  sha256: 7efd6d7d18bf9cc5788bfe1c1e1620d9dbbe00a81c646814929a82ff31944cf3
  md5: a322c0a0d3b5be99ee11f9ccec99b60e
  depends:
  - __osx >=11.0
  - libsigtool 0.1.3 h98dc951_1
  - openssl >=3.5.7,<4.0a0
  license: MIT
  license_family: MIT
  run_exports: {}
  size: 114653
  timestamp: 1786115093248
- conda: https://conda.anaconda.org/conda-forge/osx-arm64/tapi-1600.0.11.8-hb561403_3.conda
  sha256: 9f1cc109e6e57861110e9de6e03beca7fd2b7fbdb46124cccc07990b0844d88a
  md5: 0676b8719dd1e9bb1003e59a481c6c3e
  depends:
  - libcxx >=19.0.0.a0
  - __osx >=11.0
  - ncurses >=6.6,<7.0a0
  license: NCSA
  run_exports: {}
  size: 200397
  timestamp: 1785906507697
- conda: https://conda.anaconda.org/conda-forge/osx-arm64/yaml-0.2.5-h925e9cb_3.conda
  sha256: b03433b13d89f5567e828ea9f1a7d5c5d697bf374c28a4168d71e9464f5dafac
  md5: 78a0fe9e9c50d2c381e8ee47e3ea437d
  depends:
  - __osx >=11.0
  license: MIT
  license_family: MIT
  run_exports:
    weak:
    - yaml >=0.2.5,<0.3.0a0
  size: 83386
  timestamp: 1753484079473
- conda: https://conda.anaconda.org/conda-forge/osx-arm64/zstd-1.5.7-hf451053_7.conda
  sha256: da867f5092eb0cb746d353694f0098031fd9817a4ce7d5743121209ae0f406ca
  md5: 4ec2684c73812cc2c3d78379384a39cc
  depends:
  - __osx >=11.0
  - libzlib >=1.3.2,<2.0a0
  license: BSD-3-Clause
  license_family: BSD
  run_exports:
    weak:
    - zstd >=1.5.7,<1.6.0a0
  size: 433687
  timestamp: 1786599629846
